
Microsoft Visual Studio Solution File, Format Version 12.00
# Visual Studio 2013
VisualStudioVersion = 12.0.20827.3
MinimumVisualStudioVersion = 10.0.40219.1
Project("{FAE04EC0-301F-11D3-BF4B-00C04F79EFBC}") = "Website", "Website\Website.csproj", "{0A3BCF60-E6C8-4564-AAA3-B1A70645F0C4}"
EndProject
Project("{FAE04EC0-301F-11D3-BF4B-00C04F79EFBC}") = "SendGridWebHookLibrary", "SendGridWebHookLibrary\SendGridWebHookLibrary.csproj", "{8B80077C-8687-490E-AA2B-3DB0CF89ED69}"
EndProject
Global
	GlobalSection(SolutionConfigurationPlatforms) = preSolution
		Debug|Any CPU = Debug|Any CPU
		Release|Any CPU = Release|Any CPU
	EndGlobalSection
	GlobalSection(ProjectConfigurationPlatforms) = postSolution
		{0A3BCF60-E6C8-4564-AAA3-B1A70645F0C4}.Debug|Any CPU.ActiveCfg = Debug|Any CPU
		{0A3BCF60-E6C8-4564-AAA3-B1A70645F0C4}.Debug|Any CPU.Build.0 = Debug|Any CPU
		{0A3BCF60-E6C8-4564-AAA3-B1A70645F0C4}.Release|Any CPU.ActiveCfg = Release|Any CPU
		{0A3BCF60-E6C8-4564-AAA3-B1A70645F0C4}.Release|Any CPU.Build.0 = Release|Any CPU
		{8B80077C-8687-490E-AA2B-3DB0CF89ED69}.Debug|Any CPU.ActiveCfg = Debug|Any CPU
		{8B80077C-8687-490E-AA2B-3DB0CF89ED69}.Debug|Any CPU.Build.0 = Debug|Any CPU
		{8B80077C-8687-490E-AA2B-3DB0CF89ED69}.Release|Any CPU.ActiveCfg = Release|Any CPU
		{8B80077C-8687-490E-AA2B-3DB0CF89ED69}.Release|Any CPU.Build.0 = Release|Any CPU
	EndGlobalSection
	GlobalSection(SolutionProperties) = preSolution
		HideSolutionNode = FALSE
	EndGlobalSection
EndGlobal
